// !$*UTF8*$!
{
	archiveVersion = 1;
	classes = {
	};
	objectVersion = 56;
	objects = {

/* Begin PBXBuildFile section */
		75C0742EC61325D7743D3443 /* Pods_CoinPrices_Task.framework in Frameworks */ = {isa = PBXBuildFile; fileRef = E4455F86197850B806FDC906 /* Pods_CoinPrices_Task.framework */; };
		84B54AD12A18058D00493E7F /* ContentView.swift in Sources */ = {isa = PBXBuildFile; fileRef = 84B54ACF2A18058D00493E7F /* ContentView.swift */; };
		84B54AD22A18058D00493E7F /* CoinPrices_TaskApp.swift in Sources */ = {isa = PBXBuildFile; fileRef = 84B54AD02A18058D00493E7F /* CoinPrices_TaskApp.swift */; };
		84D63A0B2A17E83300E2BE8D /* Assets.xcassets in Resources */ = {isa = PBXBuildFile; fileRef = 84D63A0A2A17E83300E2BE8D /* Assets.xcassets */; };
		84D63A0E2A17E83300E2BE8D /* Preview Assets.xcassets in Resources */ = {isa = PBXBuildFile; fileRef = 84D63A0D2A17E83300E2BE8D /* Preview Assets.xcassets */; };
		84D63A102A17E83300E2BE8D /* Persistence.swift in Sources */ = {isa = PBXBuildFile; fileRef = 84D63A0F2A17E83300E2BE8D /* Persistence.swift */; };
		84D63A132A17E83300E2BE8D /* CoinPrices_Task.xcdatamodeld in Sources */ = {isa = PBXBuildFile; fileRef = 84D63A112A17E83300E2BE8D /* CoinPrices_Task.xcdatamodeld */; };
		84D63A1D2A17E83400E2BE8D /* CoinPrices_TaskTests.swift in Sources */ = {isa = PBXBuildFile; fileRef = 84D63A1C2A17E83400E2BE8D /* CoinPrices_TaskTests.swift */; };
		84D63A272A17E83400E2BE8D /* CoinPrices_TaskUITests.swift in Sources */ = {isa = PBXBuildFile; fileRef = 84D63A262A17E83400E2BE8D /* CoinPrices_TaskUITests.swift */; };
		84D63A292A17E83400E2BE8D /* CoinPrices_TaskUITestsLaunchTests.swift in Sources */ = {isa = PBXBuildFile; fileRef = 84D63A282A17E83400E2BE8D /* CoinPrices_TaskUITestsLaunchTests.swift */; };
		84DD26F62A17ECC0003C329A /* HomeView.swift in Sources */ = {isa = PBXBuildFile; fileRef = 84DD26F52A17ECC0003C329A /* HomeView.swift */; };
		84DD26F82A17ED86003C329A /* Color.swift in Sources */ = {isa = PBXBuildFile; fileRef = 84DD26F72A17ED86003C329A /* Color.swift */; };
		84DD26FA2A17EDC9003C329A /* CoinRowView.swift in Sources */ = {isa = PBXBuildFile; fileRef = 84DD26F92A17EDC9003C329A /* CoinRowView.swift */; };
		84DD26FC2A17EE55003C329A /* HomeViewModel.swift in Sources */ = {isa = PBXBuildFile; fileRef = 84DD26FB2A17EE55003C329A /* HomeViewModel.swift */; };
		84DD26FF2A17EEC9003C329A /* CoinModel.swift in Sources */ = {isa = PBXBuildFile; fileRef = 84DD26FE2A17EEC9003C329A /* CoinModel.swift */; };
		84DD27032A17EF4C003C329A /* CoinImageView.swift in Sources */ = {isa = PBXBuildFile; fileRef = 84DD27022A17EF4C003C329A /* CoinImageView.swift */; };
		84DD27092A17F2C4003C329A /* RequestableProtocol.swift in Sources */ = {isa = PBXBuildFile; fileRef = 84DD27082A17F2C4003C329A /* RequestableProtocol.swift */; };
		84DD270B2A17F2E0003C329A /* NativeRequestable.swift in Sources */ = {isa = PBXBuildFile; fileRef = 84DD270A2A17F2E0003C329A /* NativeRequestable.swift */; };
		84DD270E2A17F325003C329A /* NetworkRequest.swift in Sources */ = {isa = PBXBuildFile; fileRef = 84DD270D2A17F325003C329A /* NetworkRequest.swift */; };
		84DD27112A17F381003C329A /* ServiceEndpoints.swift in Sources */ = {isa = PBXBuildFile; fileRef = 84DD27102A17F381003C329A /* ServiceEndpoints.swift */; };
		84DD27142A17F4BA003C329A /* Environment.swift in Sources */ = {isa = PBXBuildFile; fileRef = 84DD27132A17F4BA003C329A /* Environment.swift */; };
		84DD27162A17F504003C329A /* CoinsService.swift in Sources */ = {isa = PBXBuildFile; fileRef = 84DD27152A17F504003C329A /* CoinsService.swift */; };
		84DD27192A17FB17003C329A /* PreviewProvider.swift in Sources */ = {isa = PBXBuildFile; fileRef = 84DD27182A17FB17003C329A /* PreviewProvider.swift */; };
		84DD271B2A17FB84003C329A /* Double.swift in Sources */ = {isa = PBXBuildFile; fileRef = 84DD271A2A17FB84003C329A /* Double.swift */; };
/* End PBXBuildFile section */

/* Begin PBXContainerItemProxy section */
		84D63A192A17E83400E2BE8D /* PBXContainerItemProxy */ = {
			isa = PBXContainerItemProxy;
			containerPortal = 84D639FB2A17E83000E2BE8D /* Project object */;
			proxyType = 1;
			remoteGlobalIDString = 84D63A022A17E83000E2BE8D;
			remoteInfo = "CoinPrices-Task";
		};
		84D63A232A17E83400E2BE8D /* PBXContainerItemProxy */ = {
			isa = PBXContainerItemProxy;
			containerPortal = 84D639FB2A17E83000E2BE8D /* Project object */;
			proxyType = 1;
			remoteGlobalIDString = 84D63A022A17E83000E2BE8D;
			remoteInfo = "CoinPrices-Task";
		};
/* End PBXContainerItemProxy section */

/* Begin PBXFileReference section */
		05363A8996F8AEBD58D963BE /* Pods-CoinPrices-Task.debug.xcconfig */ = {isa = PBXFileReference; includeInIndex = 1; lastKnownFileType = text.xcconfig; name = "Pods-CoinPrices-Task.debug.xcconfig"; path = "Target Support Files/Pods-CoinPrices-Task/Pods-CoinPrices-Task.debug.xcconfig"; sourceTree = "<group>"; };
		84B54ACF2A18058D00493E7F /* ContentView.swift */ = {isa = PBXFileReference; fileEncoding = 4; lastKnownFileType = sourcecode.swift; name = ContentView.swift; path = "CoinPrices-Task/ContentView.swift"; sourceTree = "<group>"; };
		84B54AD02A18058D00493E7F /* CoinPrices_TaskApp.swift */ = {isa = PBXFileReference; fileEncoding = 4; lastKnownFileType = sourcecode.swift; name = CoinPrices_TaskApp.swift; path = "CoinPrices-Task/CoinPrices_TaskApp.swift"; sourceTree = "<group>"; };
		84D63A032A17E83000E2BE8D /* CoinPrices-Task.app */ = {isa = PBXFileReference; explicitFileType = wrapper.application; includeInIndex = 0; path = "CoinPrices-Task.app"; sourceTree = BUILT_PRODUCTS_DIR; };
		84D63A0A2A17E83300E2BE8D /* Assets.xcassets */ = {isa = PBXFileReference; lastKnownFileType = folder.assetcatalog; path = Assets.xcassets; sourceTree = "<group>"; };
		84D63A0D2A17E83300E2BE8D /* Preview Assets.xcassets */ = {isa = PBXFileReference; lastKnownFileType = folder.assetcatalog; path = "Preview Assets.xcassets"; sourceTree = "<group>"; };
		84D63A0F2A17E83300E2BE8D /* Persistence.swift */ = {isa = PBXFileReference; lastKnownFileType = sourcecode.swift; path = Persistence.swift; sourceTree = "<group>"; };
		84D63A122A17E83300E2BE8D /* CoinPrices_Task.xcdatamodel */ = {isa = PBXFileReference; lastKnownFileType = wrapper.xcdatamodel; path = CoinPrices_Task.xcdatamodel; sourceTree = "<group>"; };
		84D63A182A17E83400E2BE8D /* CoinPrices-TaskTests.xctest */ = {isa = PBXFileReference; explicitFileType = wrapper.cfbundle; includeInIndex = 0; path = "CoinPrices-TaskTests.xctest"; sourceTree = BUILT_PRODUCTS_DIR; };
		84D63A1C2A17E83400E2BE8D /* CoinPrices_TaskTests.swift */ = {isa = PBXFileReference; lastKnownFileType = sourcecode.swift; path = CoinPrices_TaskTests.swift; sourceTree = "<group>"; };
		84D63A222A17E83400E2BE8D /* CoinPrices-TaskUITests.xctest */ = {isa = PBXFileReference; explicitFileType = wrapper.cfbundle; includeInIndex = 0; path = "CoinPrices-TaskUITests.xctest"; sourceTree = BUILT_PRODUCTS_DIR; };
		84D63A262A17E83400E2BE8D /* CoinPrices_TaskUITests.swift */ = {isa = PBXFileReference; lastKnownFileType = sourcecode.swift; path = CoinPrices_TaskUITests.swift; sourceTree = "<group>"; };
		84D63A282A17E83400E2BE8D /* CoinPrices_TaskUITestsLaunchTests.swift */ = {isa = PBXFileReference; lastKnownFileType = sourcecode.swift; path = CoinPrices_TaskUITestsLaunchTests.swift; sourceTree = "<group>"; };
		84DD26F52A17ECC0003C329A /* HomeView.swift */ = {isa = PBXFileReference; lastKnownFileType = sourcecode.swift; path = HomeView.swift; sourceTree = "<group>"; };
		84DD26F72A17ED86003C329A /* Color.swift */ = {isa = PBXFileReference; lastKnownFileType = sourcecode.swift; path = Color.swift; sourceTree = "<group>"; };
		84DD26F92A17EDC9003C329A /* CoinRowView.swift */ = {isa = PBXFileReference; lastKnownFileType = sourcecode.swift; path = CoinRowView.swift; sourceTree = "<group>"; };
		84DD26FB2A17EE55003C329A /* HomeViewModel.swift */ = {isa = PBXFileReference; lastKnownFileType = sourcecode.swift; path = HomeViewModel.swift; sourceTree = "<group>"; };
		84DD26FE2A17EEC9003C329A /* CoinModel.swift */ = {isa = PBXFileReference; lastKnownFileType = sourcecode.swift; path = CoinModel.swift; sourceTree = "<group>"; };
		84DD27022A17EF4C003C329A /* CoinImageView.swift */ = {isa = PBXFileReference; lastKnownFileType = sourcecode.swift; path = CoinImageView.swift; sourceTree = "<group>"; };
		84DD27082A17F2C4003C329A /* RequestableProtocol.swift */ = {isa = PBXFileReference; lastKnownFileType = sourcecode.swift; path = RequestableProtocol.swift; sourceTree = "<group>"; };
		84DD270A2A17F2E0003C329A /* NativeRequestable.swift */ = {isa = PBXFileReference; lastKnownFileType = sourcecode.swift; path = NativeRequestable.swift; sourceTree = "<group>"; };
		84DD270D2A17F325003C329A /* NetworkRequest.swift */ = {isa = PBXFileReference; lastKnownFileType = sourcecode.swift; path = NetworkRequest.swift; sourceTree = "<group>"; };
		84DD27102A17F381003C329A /* ServiceEndpoints.swift */ = {isa = PBXFileReference; lastKnownFileType = sourcecode.swift; path = ServiceEndpoints.swift; sourceTree = "<group>"; };
		84DD27132A17F4BA003C329A /* Environment.swift */ = {isa = PBXFileReference; lastKnownFileType = sourcecode.swift; path = Environment.swift; sourceTree = "<group>"; };
		84DD27152A17F504003C329A /* CoinsService.swift */ = {isa = PBXFileReference; lastKnownFileType = sourcecode.swift; path = CoinsService.swift; sourceTree = "<group>"; };
		84DD27182A17FB17003C329A /* PreviewProvider.swift */ = {isa = PBXFileReference; lastKnownFileType = sourcecode.swift; path = PreviewProvider.swift; sourceTree = "<group>"; };
		84DD271A2A17FB84003C329A /* Double.swift */ = {isa = PBXFileReference; lastKnownFileType = sourcecode.swift; path = Double.swift; sourceTree = "<group>"; };
		8D682B04E14841FCB53C1CB5 /* Pods-CoinPrices-Task.release.xcconfig */ = {isa = PBXFileReference; includeInIndex = 1; lastKnownFileType = text.xcconfig; name = "Pods-CoinPrices-Task.release.xcconfig"; path = "Target Support Files/Pods-CoinPrices-Task/Pods-CoinPrices-Task.release.xcconfig"; sourceTree = "<group>"; };
		E4455F86197850B806FDC906 /* Pods_CoinPrices_Task.framework */ = {isa = PBXFileReference; explicitFileType = wrapper.framework; includeInIndex = 0; path = Pods_CoinPrices_Task.framework; sourceTree = BUILT_PRODUCTS_DIR; };
/* End PBXFileReference section */

/* Begin PBXFrameworksBuildPhase section */
		84D63A002A17E83000E2BE8D /* Frameworks */ = {
			isa = PBXFrameworksBuildPhase;
			buildActionMask = 2147483647;
			files = (
				75C0742EC61325D7743D3443 /* Pods_CoinPrices_Task.framework in Frameworks */,
			);
			runOnlyForDeploymentPostprocessing = 0;
		};
		84D63A152A17E83400E2BE8D /* Frameworks */ = {
			isa = PBXFrameworksBuildPhase;
			buildActionMask = 2147483647;
			files = (
			);
			runOnlyForDeploymentPostprocessing = 0;
		};
		84D63A1F2A17E83400E2BE8D /* Frameworks */ = {
			isa = PBXFrameworksBuildPhase;
			buildActionMask = 2147483647;
			files = (
			);
			runOnlyForDeploymentPostprocessing = 0;
		};
/* End PBXFrameworksBuildPhase section */

/* Begin PBXGroup section */
		1BFBF5334461C3003F243BCB /* Pods */ = {
			isa = PBXGroup;
			children = (
				05363A8996F8AEBD58D963BE /* Pods-CoinPrices-Task.debug.xcconfig */,
				8D682B04E14841FCB53C1CB5 /* Pods-CoinPrices-Task.release.xcconfig */,
			);
			path = Pods;
			sourceTree = "<group>";
		};
		41DC00285E3044018BFDBB49 /* Frameworks */ = {
			isa = PBXGroup;
			children = (
				E4455F86197850B806FDC906 /* Pods_CoinPrices_Task.framework */,
			);
			name = Frameworks;
			sourceTree = "<group>";
		};
		84D639FA2A17E83000E2BE8D = {
			isa = PBXGroup;
			children = (
				84B54AD02A18058D00493E7F /* CoinPrices_TaskApp.swift */,
				84B54ACF2A18058D00493E7F /* ContentView.swift */,
				84D63A052A17E83000E2BE8D /* CoinPrices-Task */,
				84D63A1B2A17E83400E2BE8D /* CoinPrices-TaskTests */,
				84D63A252A17E83400E2BE8D /* CoinPrices-TaskUITests */,
				84D63A042A17E83000E2BE8D /* Products */,
				1BFBF5334461C3003F243BCB /* Pods */,
				41DC00285E3044018BFDBB49 /* Frameworks */,
			);
			sourceTree = "<group>";
		};
		84D63A042A17E83000E2BE8D /* Products */ = {
			isa = PBXGroup;
			children = (
				84D63A032A17E83000E2BE8D /* CoinPrices-Task.app */,
				84D63A182A17E83400E2BE8D /* CoinPrices-TaskTests.xctest */,
				84D63A222A17E83400E2BE8D /* CoinPrices-TaskUITests.xctest */,
			);
			name = Products;
			sourceTree = "<group>";
		};
		84D63A052A17E83000E2BE8D /* CoinPrices-Task */ = {
			isa = PBXGroup;
			children = (
				84DD26F22A17EC42003C329A /* Extentions */,
				84DD26EE2A17EBE8003C329A /* Presentation */,
				84D63A352A17E8D800E2BE8D /* NetworkManager */,
				84D63A0A2A17E83300E2BE8D /* Assets.xcassets */,
				84D63A0F2A17E83300E2BE8D /* Persistence.swift */,
				84D63A112A17E83300E2BE8D /* CoinPrices_Task.xcdatamodeld */,
				84D63A0C2A17E83300E2BE8D /* Preview Content */,
			);
			path = "CoinPrices-Task";
			sourceTree = "<group>";
		};
		84D63A0C2A17E83300E2BE8D /* Preview Content */ = {
			isa = PBXGroup;
			children = (
				84D63A0D2A17E83300E2BE8D /* Preview Assets.xcassets */,
			);
			path = "Preview Content";
			sourceTree = "<group>";
		};
		84D63A1B2A17E83400E2BE8D /* CoinPrices-TaskTests */ = {
			isa = PBXGroup;
			children = (
				84D63A1C2A17E83400E2BE8D /* CoinPrices_TaskTests.swift */,
			);
			path = "CoinPrices-TaskTests";
			sourceTree = "<group>";
		};
		84D63A252A17E83400E2BE8D /* CoinPrices-TaskUITests */ = {
			isa = PBXGroup;
			children = (
				84D63A262A17E83400E2BE8D /* CoinPrices_TaskUITests.swift */,
				84D63A282A17E83400E2BE8D /* CoinPrices_TaskUITestsLaunchTests.swift */,
			);
			path = "CoinPrices-TaskUITests";
			sourceTree = "<group>";
		};
		84D63A352A17E8D800E2BE8D /* NetworkManager */ = {
			isa = PBXGroup;
			children = (
				84DD27122A17F49D003C329A /* Environment */,
				84DD270F2A17F35E003C329A /* EndPoints */,
				84DD270C2A17F31C003C329A /* NetworkRequest */,
				84DD27072A17F2B0003C329A /* Requestable */,
				84DD27062A17EFD5003C329A /* Services */,
				84DD26FD2A17EE8A003C329A /* Models */,
			);
			path = NetworkManager;
			sourceTree = "<group>";
		};
		84DD26EE2A17EBE8003C329A /* Presentation */ = {
			isa = PBXGroup;
			children = (
				84DD26F32A17EC5A003C329A /* HomeModule */,
			);
			path = Presentation;
			sourceTree = "<group>";
		};
		84DD26EF2A17EC0B003C329A /* View */ = {
			isa = PBXGroup;
			children = (
				84DD27012A17EF2D003C329A /* CoinImageView */,
				84DD26F42A17ECA2003C329A /* HomeView */,
			);
			path = View;
			sourceTree = "<group>";
		};
		84DD26F02A17EC1E003C329A /* ViewModel */ = {
			isa = PBXGroup;
			children = (
				84DD26FB2A17EE55003C329A /* HomeViewModel.swift */,
			);
			path = ViewModel;
			sourceTree = "<group>";
		};
		84DD26F22A17EC42003C329A /* Extentions */ = {
			isa = PBXGroup;
			children = (
				84DD27172A17FB05003C329A /* PreviewProvider */,
				84DD26F72A17ED86003C329A /* Color.swift */,
				84DD271A2A17FB84003C329A /* Double.swift */,
			);
			path = Extentions;
			sourceTree = "<group>";
		};
		84DD26F32A17EC5A003C329A /* HomeModule */ = {
			isa = PBXGroup;
			children = (
				84DD26F02A17EC1E003C329A /* ViewModel */,
				84DD26EF2A17EC0B003C329A /* View */,
			);
			path = HomeModule;
			sourceTree = "<group>";
		};
		84DD26F42A17ECA2003C329A /* HomeView */ = {
			isa = PBXGroup;
			children = (
				84DD26F52A17ECC0003C329A /* HomeView.swift */,
				84DD26F92A17EDC9003C329A /* CoinRowView.swift */,
			);
			path = HomeView;
			sourceTree = "<group>";
		};
		84DD26FD2A17EE8A003C329A /* Models */ = {
			isa = PBXGroup;
			children = (
				84DD26FE2A17EEC9003C329A /* CoinModel.swift */,
			);
			path = Models;
			sourceTree = "<group>";
		};
		84DD27012A17EF2D003C329A /* CoinImageView */ = {
			isa = PBXGroup;
			children = (
				84DD27022A17EF4C003C329A /* CoinImageView.swift */,
			);
			path = CoinImageView;
			sourceTree = "<group>";
		};
		84DD27062A17EFD5003C329A /* Services */ = {
			isa = PBXGroup;
			children = (
				84DD27152A17F504003C329A /* CoinsService.swift */,
			);
			path = Services;
			sourceTree = "<group>";
		};
		84DD27072A17F2B0003C329A /* Requestable */ = {
			isa = PBXGroup;
			children = (
				84DD27082A17F2C4003C329A /* RequestableProtocol.swift */,
				84DD270A2A17F2E0003C329A /* NativeRequestable.swift */,
			);
			path = Requestable;
			sourceTree = "<group>";
		};
		84DD270C2A17F31C003C329A /* NetworkRequest */ = {
			isa = PBXGroup;
			children = (
				84DD270D2A17F325003C329A /* NetworkRequest.swift */,
			);
			path = NetworkRequest;
			sourceTree = "<group>";
		};
		84DD270F2A17F35E003C329A /* EndPoints */ = {
			isa = PBXGroup;
			children = (
				84DD27102A17F381003C329A /* ServiceEndpoints.swift */,
			);
			path = EndPoints;
			sourceTree = "<group>";
		};
		84DD27122A17F49D003C329A /* Environment */ = {
			isa = PBXGroup;
			children = (
				84DD27132A17F4BA003C329A /* Environment.swift */,
			);
			path = Environment;
			sourceTree = "<group>";
		};
		84DD27172A17FB05003C329A /* PreviewProvider */ = {
			isa = PBXGroup;
			children = (
				84DD27182A17FB17003C329A /* PreviewProvider.swift */,
			);
			path = PreviewProvider;
			sourceTree = "<group>";
		};
/* End PBXGroup section */

/* Begin PBXNativeTarget section */
		84D63A022A17E83000E2BE8D /* CoinPrices-Task */ = {
			isa = PBXNativeTarget;
			buildConfigurationList = 84D63A2C2A17E83400E2BE8D /* Build configuration list for PBXNativeTarget "CoinPrices-Task" */;
			buildPhases = (
				6AC75C365E69BBCC6F3790F4 /* [CP] Check Pods Manifest.lock */,
				84D639FF2A17E83000E2BE8D /* Sources */,
				84D63A002A17E83000E2BE8D /* Frameworks */,
				84D63A012A17E83000E2BE8D /* Resources */,
				E7ABA0FDC1038E111946ED7E /* [CP] Embed Pods Frameworks */,
			);
			buildRules = (
			);
			dependencies = (
			);
			name = "CoinPrices-Task";
			productName = "CoinPrices-Task";
			productReference = 84D63A032A17E83000E2BE8D /* CoinPrices-Task.app */;
			productType = "com.apple.product-type.application";
		};
		84D63A172A17E83400E2BE8D /* CoinPrices-TaskTests */ = {
			isa = PBXNativeTarget;
			buildConfigurationList = 84D63A2F2A17E83400E2BE8D /* Build configuration list for PBXNativeTarget "CoinPrices-TaskTests" */;
			buildPhases = (
				84D63A142A17E83400E2BE8D /* Sources */,
				84D63A152A17E83400E2BE8D /* Frameworks */,
				84D63A162A17E83400E2BE8D /* Resources */,
			);
			buildRules = (
			);
			dependencies = (
				84D63A1A2A17E83400E2BE8D /* PBXTargetDependency */,
			);
			name = "CoinPrices-TaskTests";
			productName = "CoinPrices-TaskTests";
			productReference = 84D63A182A17E83400E2BE8D /* CoinPrices-TaskTests.xctest */;
			productType = "com.apple.product-type.bundle.unit-test";
		};
		84D63A212A17E83400E2BE8D /* CoinPrices-TaskUITests */ = {
			isa = PBXNativeTarget;
			buildConfigurationList = 84D63A322A17E83400E2BE8D /* Build configuration list for PBXNativeTarget "CoinPrices-TaskUITests" */;
			buildPhases = (
				84D63A1E2A17E83400E2BE8D /* Sources */,
				84D63A1F2A17E83400E2BE8D /* Frameworks */,
				84D63A202A17E83400E2BE8D /* Resources */,
			);
			buildRules = (
			);
			dependencies = (
				84D63A242A17E83400E2BE8D /* PBXTargetDependency */,
			);
			name = "CoinPrices-TaskUITests";
			productName = "CoinPrices-TaskUITests";
			productReference = 84D63A222A17E83400E2BE8D /* CoinPrices-TaskUITests.xctest */;
			productType = "com.apple.product-type.bundle.ui-testing";
		};
/* End PBXNativeTarget section */

/* Begin PBXProject section */
		84D639FB2A17E83000E2BE8D /* Project object */ = {
			isa = PBXProject;
			attributes = {
				BuildIndependentTargetsInParallel = 1;
				LastSwiftUpdateCheck = 1430;
				LastUpgradeCheck = 1430;
				TargetAttributes = {
					84D63A022A17E83000E2BE8D = {
						CreatedOnToolsVersion = 14.3;
					};
					84D63A172A17E83400E2BE8D = {
						CreatedOnToolsVersion = 14.3;
						TestTargetID = 84D63A022A17E83000E2BE8D;
					};
					84D63A212A17E83400E2BE8D = {
						CreatedOnToolsVersion = 14.3;
						TestTargetID = 84D63A022A17E83000E2BE8D;
					};
				};
			};
			buildConfigurationList = 84D639FE2A17E83000E2BE8D /* Build configuration list for PBXProject "CoinPrices-Task" */;
			compatibilityVersion = "Xcode 14.0";
			developmentRegion = en;
			hasScannedForEncodings = 0;
			knownRegions = (
				en,
				Base,
			);
			mainGroup = 84D639FA2A17E83000E2BE8D;
			productRefGroup = 84D63A042A17E83000E2BE8D /* Products */;
			projectDirPath = "";
			projectRoot = "";
			targets = (
				84D63A022A17E83000E2BE8D /* CoinPrices-Task */,
				84D63A172A17E83400E2BE8D /* CoinPrices-TaskTests */,
				84D63A212A17E83400E2BE8D /* CoinPrices-TaskUITests */,
			);
		};
/* End PBXProject section */

/* Begin PBXResourcesBuildPhase section */
		84D63A012A17E83000E2BE8D /* Resources */ = {
			isa = PBXResourcesBuildPhase;
			buildActionMask = 2147483647;
			files = (
				84D63A0E2A17E83300E2BE8D /* Preview Assets.xcassets in Resources */,
				84D63A0B2A17E83300E2BE8D /* Assets.xcassets in Resources */,
			);
			runOnlyForDeploymentPostprocessing = 0;
		};
		84D63A162A17E83400E2BE8D /* Resources */ = {
			isa = PBXResourcesBuildPhase;
			buildActionMask = 2147483647;
			files = (
			);
			runOnlyForDeploymentPostprocessing = 0;
		};
		84D63A202A17E83400E2BE8D /* Resources */ = {
			isa = PBXResourcesBuildPhase;
			buildActionMask = 2147483647;
			files = (
			);
			runOnlyForDeploymentPostprocessing = 0;
		};
/* End PBXResourcesBuildPhase section */

/* Begin PBXShellScriptBuildPhase section */
		6AC75C365E69BBCC6F3790F4 /* [CP] Check Pods Manifest.lock */ = {
			isa = PBXShellScriptBuildPhase;
			buildActionMask = 2147483647;
			files = (
			);
			inputFileListPaths = (
			);
			inputPaths = (
				"${PODS_PODFILE_DIR_PATH}/Podfile.lock",
				"${PODS_ROOT}/Manifest.lock",
			);
			name = "[CP] Check Pods Manifest.lock";
			outputFileListPaths = (
			);
			outputPaths = (
				"$(DERIVED_FILE_DIR)/Pods-CoinPrices-Task-checkManifestLockResult.txt",
			);
			runOnlyForDeploymentPostprocessing = 0;
			shellPath = /bin/sh;
			shellScript = "diff \"${PODS_PODFILE_DIR_PATH}/Podfile.lock\" \"${PODS_ROOT}/Manifest.lock\" > /dev/null\nif [ $? != 0 ] ; then\n    # print error to STDERR\n    echo \"error: The sandbox is not in sync with the Podfile.lock. Run 'pod install' or update your CocoaPods installation.\" >&2\n    exit 1\nfi\n# This output is used by Xcode 'outputs' to avoid re-running this script phase.\necho \"SUCCESS\" > \"${SCRIPT_OUTPUT_FILE_0}\"\n";
			showEnvVarsInLog = 0;
		};
		E7ABA0FDC1038E111946ED7E /* [CP] Embed Pods Frameworks */ = {
			isa = PBXShellScriptBuildPhase;
			buildActionMask = 2147483647;
			files = (
			);
			inputFileListPaths = (
				"${PODS_ROOT}/Target Support Files/Pods-CoinPrices-Task/Pods-CoinPrices-Task-frameworks-${CONFIGURATION}-input-files.xcfilelist",
			);
			name = "[CP] Embed Pods Frameworks";
			outputFileListPaths = (
				"${PODS_ROOT}/Target Support Files/Pods-CoinPrices-Task/Pods-CoinPrices-Task-frameworks-${CONFIGURATION}-output-files.xcfilelist",
			);
			runOnlyForDeploymentPostprocessing = 0;
			shellPath = /bin/sh;
			shellScript = "\"${PODS_ROOT}/Target Support Files/Pods-CoinPrices-Task/Pods-CoinPrices-Task-frameworks.sh\"\n";
			showEnvVarsInLog = 0;
		};
/* End PBXShellScriptBuildPhase section */

/* Begin PBXSourcesBuildPhase section */
		84D639FF2A17E83000E2BE8D /* Sources */ = {
			isa = PBXSourcesBuildPhase;
			buildActionMask = 2147483647;
			files = (
				84DD270E2A17F325003C329A /* NetworkRequest.swift in Sources */,
				84DD27142A17F4BA003C329A /* Environment.swift in Sources */,
				84D63A102A17E83300E2BE8D /* Persistence.swift in Sources */,
				84B54AD22A18058D00493E7F /* CoinPrices_TaskApp.swift in Sources */,
				84DD27032A17EF4C003C329A /* CoinImageView.swift in Sources */,
				84DD270B2A17F2E0003C329A /* NativeRequestable.swift in Sources */,
				84DD27162A17F504003C329A /* CoinsService.swift in Sources */,
				84D63A132A17E83300E2BE8D /* CoinPrices_Task.xcdatamodeld in Sources */,
				84DD27192A17FB17003C329A /* PreviewProvider.swift in Sources */,
				84DD271B2A17FB84003C329A /* Double.swift in Sources */,
				84DD26FC2A17EE55003C329A /* HomeViewModel.swift in Sources */,
				84DD26F62A17ECC0003C329A /* HomeView.swift in Sources */,
				84DD26FA2A17EDC9003C329A /* CoinRowView.swift in Sources */,
				84DD26FF2A17EEC9003C329A /* CoinModel.swift in Sources */,
				84B54AD12A18058D00493E7F /* ContentView.swift in Sources */,
				84DD26F82A17ED86003C329A /* Color.swift in Sources */,
				84DD27112A17F381003C329A /* ServiceEndpoints.swift in Sources */,
				84DD27092A17F2C4003C329A /* RequestableProtocol.swift in Sources */,
			);
			runOnlyForDeploymentPostprocessing = 0;
		};
		84D63A142A17E83400E2BE8D /* Sources */ = {
			isa = PBXSourcesBuildPhase;
			buildActionMask = 2147483647;
			files = (
				84D63A1D2A17E83400E2BE8D /* CoinPrices_TaskTests.swift in Sources */,
			);
			runOnlyForDeploymentPostprocessing = 0;
		};
		84D63A1E2A17E83400E2BE8D /* Sources */ = {
			isa = PBXSourcesBuildPhase;
			buildActionMask = 2147483647;
			files = (
				84D63A292A17E83400E2BE8D /* CoinPrices_TaskUITestsLaunchTests.swift in Sources */,
				84D63A272A17E83400E2BE8D /* CoinPrices_TaskUITests.swift in Sources */,
			);
			runOnlyForDeploymentPostprocessing = 0;
		};
/* End PBXSourcesBuildPhase section */

/* Begin PBXTargetDependency section */
		84D63A1A2A17E83400E2BE8D /* PBXTargetDependency */ = {
			isa = PBXTargetDependency;
			target = 84D63A022A17E83000E2BE8D /* CoinPrices-Task */;
			targetProxy = 84D63A192A17E83400E2BE8D /* PBXContainerItemProxy */;
		};
		84D63A242A17E83400E2BE8D /* PBXTargetDependency */ = {
			isa = PBXTargetDependency;
			target = 84D63A022A17E83000E2BE8D /* CoinPrices-Task */;
			targetProxy = 84D63A232A17E83400E2BE8D /* PBXContainerItemProxy */;
		};
/* End PBXTargetDependency section */

/* Begin XCBuildConfiguration section */
		84D63A2A2A17E83400E2BE8D /* Debug */ = {
			isa = XCBuildConfiguration;
			buildSettings = {
				ALWAYS_SEARCH_USER_PATHS = NO;
				CLANG_ANALYZER_NONNULL = YES;
				CLANG_ANALYZER_NUMBER_OBJECT_CONVERSION = YES_AGGRESSIVE;
				CLANG_CXX_LANGUAGE_STANDARD = "gnu++20";
				CLANG_ENABLE_MODULES = YES;
				CLANG_ENABLE_OBJC_ARC = YES;
				CLANG_ENABLE_OBJC_WEAK = YES;
				CLANG_WARN_BLOCK_CAPTURE_AUTORELEASING = YES;
				CLANG_WARN_BOOL_CONVERSION = YES;
				CLANG_WARN_COMMA = YES;
				CLANG_WARN_CONSTANT_CONVERSION = YES;
				CLANG_WARN_DEPRECATED_OBJC_IMPLEMENTATIONS = YES;
				CLANG_WARN_DIRECT_OBJC_ISA_USAGE = YES_ERROR;
				CLANG_WARN_DOCUMENTATION_COMMENTS = YES;
				CLANG_WARN_EMPTY_BODY = YES;
				CLANG_WARN_ENUM_CONVERSION = YES;
				CLANG_WARN_INFINITE_RECURSION = YES;
				CLANG_WARN_INT_CONVERSION = YES;
				CLANG_WARN_NON_LITERAL_NULL_CONVERSION = YES;
				CLANG_WARN_OBJC_IMPLICIT_RETAIN_SELF = YES;
				CLANG_WARN_OBJC_LITERAL_CONVERSION = YES;
				CLANG_WARN_OBJC_ROOT_CLASS = YES_ERROR;
				CLANG_WARN_QUOTED_INCLUDE_IN_FRAMEWORK_HEADER = YES;
				CLANG_WARN_RANGE_LOOP_ANALYSIS = YES;
				CLANG_WARN_STRICT_PROTOTYPES = YES;
				CLANG_WARN_SUSPICIOUS_MOVE = YES;
				CLANG_WARN_UNGUARDED_AVAILABILITY = YES_AGGRESSIVE;
				CLANG_WARN_UNREACHABLE_CODE = YES;
				CLANG_WARN__DUPLICATE_METHOD_MATCH = YES;
				COPY_PHASE_STRIP = NO;
				DEBUG_INFORMATION_FORMAT = dwarf;
				ENABLE_STRICT_OBJC_MSGSEND = YES;
				ENABLE_TESTABILITY = YES;
				GCC_C_LANGUAGE_STANDARD = gnu11;
				GCC_DYNAMIC_NO_PIC = NO;
				GCC_NO_COMMON_BLOCKS = YES;
				GCC_OPTIMIZATION_LEVEL = 0;
				GCC_PREPROCESSOR_DEFINITIONS = (
					"DEBUG=1",
					"$(inherited)",
				);
				GCC_WARN_64_TO_32_BIT_CONVERSION = YES;
				GCC_WARN_ABOUT_RETURN_TYPE = YES_ERROR;
				GCC_WARN_UNDECLARED_SELECTOR = YES;
				GCC_WARN_UNINITIALIZED_AUTOS = YES_AGGRESSIVE;
				GCC_WARN_UNUSED_FUNCTION = YES;
				GCC_WARN_UNUSED_VARIABLE = YES;
				IPHONEOS_DEPLOYMENT_TARGET = 16.4;
				MTL_ENABLE_DEBUG_INFO = INCLUDE_SOURCE;
				MTL_FAST_MATH = YES;
				ONLY_ACTIVE_ARCH = YES;
				SDKROOT = iphoneos;
				SWIFT_ACTIVE_COMPILATION_CONDITIONS = DEBUG;
				SWIFT_OPTIMIZATION_LEVEL = "-Onone";
			};
			name = Debug;
		};
		84D63A2B2A17E83400E2BE8D /* Release */ = {
			isa = XCBuildConfiguration;
			buildSettings = {
				ALWAYS_SEARCH_USER_PATHS = NO;
				CLANG_ANALYZER_NONNULL = YES;
				CLANG_ANALYZER_NUMBER_OBJECT_CONVERSION = YES_AGGRESSIVE;
				CLANG_CXX_LANGUAGE_STANDARD = "gnu++20";
				CLANG_ENABLE_MODULES = YES;
				CLANG_ENABLE_OBJC_ARC = YES;
				CLANG_ENABLE_OBJC_WEAK = YES;
				CLANG_WARN_BLOCK_CAPTURE_AUTORELEASING = YES;
				CLANG_WARN_BOOL_CONVERSION = YES;
				CLANG_WARN_COMMA = YES;
				CLANG_WARN_CONSTANT_CONVERSION = YES;
				CLANG_WARN_DEPRECATED_OBJC_IMPLEMENTATIONS = YES;
				CLANG_WARN_DIRECT_OBJC_ISA_USAGE = YES_ERROR;
				CLANG_WARN_DOCUMENTATION_COMMENTS = YES;
				CLANG_WARN_EMPTY_BODY = YES;
				CLANG_WARN_ENUM_CONVERSION = YES;
				CLANG_WARN_INFINITE_RECURSION = YES;
				CLANG_WARN_INT_CONVERSION = YES;
				CLANG_WARN_NON_LITERAL_NULL_CONVERSION = YES;
				CLANG_WARN_OBJC_IMPLICIT_RETAIN_SELF = YES;
				CLANG_WARN_OBJC_LITERAL_CONVERSION = YES;
				CLANG_WARN_OBJC_ROOT_CLASS = YES_ERROR;
				CLANG_WARN_QUOTED_INCLUDE_IN_FRAMEWORK_HEADER = YES;
				CLANG_WARN_RANGE_LOOP_ANALYSIS = YES;
				CLANG_WARN_STRICT_PROTOTYPES = YES;
				CLANG_WARN_SUSPICIOUS_MOVE = YES;
				CLANG_WARN_UNGUARDED_AVAILABILITY = YES_AGGRESSIVE;
				CLANG_WARN_UNREACHABLE_CODE = YES;
				CLANG_WARN__DUPLICATE_METHOD_MATCH = YES;
				COPY_PHASE_STRIP = NO;
				DEBUG_INFORMATION_FORMAT = "dwarf-with-dsym";
				ENABLE_NS_ASSERTIONS = NO;
				ENABLE_STRICT_OBJC_MSGSEND = YES;
				GCC_C_LANGUAGE_STANDARD = gnu11;
				GCC_NO_COMMON_BLOCKS = YES;
				GCC_WARN_64_TO_32_BIT_CONVERSION = YES;
				GCC_WARN_ABOUT_RETURN_TYPE = YES_ERROR;
				GCC_WARN_UNDECLARED_SELECTOR = YES;
				GCC_WARN_UNINITIALIZED_AUTOS = YES_AGGRESSIVE;
				GCC_WARN_UNUSED_FUNCTION = YES;
				GCC_WARN_UNUSED_VARIABLE = YES;
				IPHONEOS_DEPLOYMENT_TARGET = 16.4;
				MTL_ENABLE_DEBUG_INFO = NO;
				MTL_FAST_MATH = YES;
				SDKROOT = iphoneos;
				SWIFT_COMPILATION_MODE = wholemodule;
				SWIFT_OPTIMIZATION_LEVEL = "-O";
				VALIDATE_PRODUCT = YES;
			};
			name = Release;
		};
		84D63A2D2A17E83400E2BE8D /* Debug */ = {
			isa = XCBuildConfiguration;
			baseConfigurationReference = 05363A8996F8AEBD58D963BE /* Pods-CoinPrices-Task.debug.xcconfig */;
			buildSettings = {
				ASSETCATALOG_COMPILER_APPICON_NAME = AppIcon;
				ASSETCATALOG_COMPILER_GLOBAL_ACCENT_COLOR_NAME = AccentColor;
				CODE_SIGN_STYLE = Automatic;
				CURRENT_PROJECT_VERSION = 1;
				DEVELOPMENT_ASSET_PATHS = "\"CoinPrices-Task/Preview Content\"";
				DEVELOPMENT_TEAM = V3QC3T7D4B;
				ENABLE_PREVIEWS = YES;
				GENERATE_INFOPLIST_FILE = YES;
				INFOPLIST_KEY_UIApplicationSceneManifest_Generation = YES;
				INFOPLIST_KEY_UIApplicationSupportsIndirectInputEvents = YES;
				INFOPLIST_KEY_UILaunchScreen_Generation = YES;
				INFOPLIST_KEY_UISupportedInterfaceOrientations_iPad = "UIInterfaceOrientationPortrait UIInterfaceOrientationPortraitUpsideDown UIInterfaceOrientationLandscapeLeft UIInterfaceOrientationLandscapeRight";
				INFOPLIST_KEY_UISupportedInterfaceOrientations_iPhone = "UIInterfaceOrientationPortrait UIInterfaceOrientationLandscapeLeft UIInterfaceOrientationLandscapeRight";
				LD_RUNPATH_SEARCH_PATHS = (
					"$(inherited)",
					"@executable_path/Frameworks",
				);
				MARKETING_VERSION = 1.0;
				PRODUCT_BUNDLE_IDENTIFIER = "com.CoinPrices-Task.CoinPrices-Task";
				PRODUCT_NAME = "$(TARGET_NAME)";
				SWIFT_EMIT_LOC_STRINGS = YES;
				SWIFT_VERSION = 5.0;
				TARGETED_DEVICE_FAMILY = "1,2";
			};
			name = Debug;
		};
		84D63A2E2A17E83400E2BE8D /* Release */ = {
			isa = XCBuildConfiguration;
			baseConfigurationReference = 8D682B04E14841FCB53C1CB5 /* Pods-CoinPrices-Task.release.xcconfig */;
			buildSettings = {
				ASSETCATALOG_COMPILER_APPICON_NAME = AppIcon;
				ASSETCATALOG_COMPILER_GLOBAL_ACCENT_COLOR_NAME = AccentColor;
				CODE_SIGN_STYLE = Automatic;
				CURRENT_PROJECT_VERSION = 1;
				DEVELOPMENT_ASSET_PATHS = "\"CoinPrices-Task/Preview Content\"";
				DEVELOPMENT_TEAM = V3QC3T7D4B;
				ENABLE_PREVIEWS = YES;
				GENERATE_INFOPLIST_FILE = YES;
				INFOPLIST_KEY_UIApplicationSceneManifest_Generation = YES;
				INFOPLIST_KEY_UIApplicationSupportsIndirectInputEvents = YES;
				INFOPLIST_KEY_UILaunchScreen_Generation = YES;
				INFOPLIST_KEY_UISupportedInterfaceOrientations_iPad = "UIInterfaceOrientationPortrait UIInterfaceOrientationPortraitUpsideDown UIInterfaceOrientationLandscapeLeft UIInterfaceOrientationLandscapeRight";
				INFOPLIST_KEY_UISupportedInterfaceOrientations_iPhone = "UIInterfaceOrientationPortrait UIInterfaceOrientationLandscapeLeft UIInterfaceOrientationLandscapeRight";
				LD_RUNPATH_SEARCH_PATHS = (
					"$(inherited)",
					"@executable_path/Frameworks",
				);
				MARKETING_VERSION = 1.0;
				PRODUCT_BUNDLE_IDENTIFIER = "com.CoinPrices-Task.CoinPrices-Task";
				PRODUCT_NAME = "$(TARGET_NAME)";
				SWIFT_EMIT_LOC_STRINGS = YES;
				SWIFT_VERSION = 5.0;
				TARGETED_DEVICE_FAMILY = "1,2";
			};
			name = Release;
		};
		84D63A302A17E83400E2BE8D /* Debug */ = {
			isa = XCBuildConfiguration;
			buildSettings = {
				ALWAYS_EMBED_SWIFT_STANDARD_LIBRARIES = YES;
				BUNDLE_LOADER = "$(TEST_HOST)";
				CODE_SIGN_STYLE = Automatic;
				CURRENT_PROJECT_VERSION = 1;
				DEVELOPMENT_TEAM = V3QC3T7D4B;
				GENERATE_INFOPLIST_FILE = YES;
				IPHONEOS_DEPLOYMENT_TARGET = 16.4;
				MARKETING_VERSION = 1.0;
				PRODUCT_BUNDLE_IDENTIFIER = "com.CoinPrices-Task.CoinPrices-TaskTests";
				PRODUCT_NAME = "$(TARGET_NAME)";
				SWIFT_EMIT_LOC_STRINGS = NO;
				SWIFT_VERSION = 5.0;
				TARGETED_DEVICE_FAMILY = "1,2";
				TEST_HOST = "$(BUILT_PRODUCTS_DIR)/CoinPrices-Task.app/$(BUNDLE_EXECUTABLE_FOLDER_PATH)/CoinPrices-Task";
			};
			name = Debug;
		};
		84D63A312A17E83400E2BE8D /* Release */ = {
			isa = XCBuildConfiguration;
			buildSettings = {
				ALWAYS_EMBED_SWIFT_STANDARD_LIBRARIES = YES;
				BUNDLE_LOADER = "$(TEST_HOST)";
				CODE_SIGN_STYLE = Automatic;
				CURRENT_PROJECT_VERSION = 1;
				DEVELOPMENT_TEAM = V3QC3T7D4B;
				GENERATE_INFOPLIST_FILE = YES;
				IPHONEOS_DEPLOYMENT_TARGET = 16.4;
				MARKETING_VERSION = 1.0;
				PRODUCT_BUNDLE_IDENTIFIER = "com.CoinPrices-Task.CoinPrices-TaskTests";
				PRODUCT_NAME = "$(TARGET_NAME)";
				SWIFT_EMIT_LOC_STRINGS = NO;
				SWIFT_VERSION = 5.0;
				TARGETED_DEVICE_FAMILY = "1,2";
				TEST_HOST = "$(BUILT_PRODUCTS_DIR)/CoinPrices-Task.app/$(BUNDLE_EXECUTABLE_FOLDER_PATH)/CoinPrices-Task";
			};
			name = Release;
		};
		84D63A332A17E83400E2BE8D /* Debug */ = {
			isa = XCBuildConfiguration;
			buildSettings = {
				ALWAYS_EMBED_SWIFT_STANDARD_LIBRARIES = YES;
				CODE_SIGN_STYLE = Automatic;
				CURRENT_PROJECT_VERSION = 1;
				DEVELOPMENT_TEAM = V3QC3T7D4B;
				GENERATE_INFOPLIST_FILE = YES;
				MARKETING_VERSION = 1.0;
				PRODUCT_BUNDLE_IDENTIFIER = "com.CoinPrices-Task.CoinPrices-TaskUITests";
				PRODUCT_NAME = "$(TARGET_NAME)";
				SWIFT_EMIT_LOC_STRINGS = NO;
				SWIFT_VERSION = 5.0;
				TARGETED_DEVICE_FAMILY = "1,2";
				TEST_TARGET_NAME = "CoinPrices-Task";
			};
			name = Debug;
		};
		84D63A342A17E83400E2BE8D /* Release */ = {
			isa = XCBuildConfiguration;
			buildSettings = {
				ALWAYS_EMBED_SWIFT_STANDARD_LIBRARIES = YES;
				CODE_SIGN_STYLE = Automatic;
				CURRENT_PROJECT_VERSION = 1;
				DEVELOPMENT_TEAM = V3QC3T7D4B;
				GENERATE_INFOPLIST_FILE = YES;
				MARKETING_VERSION = 1.0;
				PRODUCT_BUNDLE_IDENTIFIER = "com.CoinPrices-Task.CoinPrices-TaskUITests";
				PRODUCT_NAME = "$(TARGET_NAME)";
				SWIFT_EMIT_LOC_STRINGS = NO;
				SWIFT_VERSION = 5.0;
				TARGETED_DEVICE_FAMILY = "1,2";
				TEST_TARGET_NAME = "CoinPrices-Task";
			};
			name = Release;
		};
/* End XCBuildConfiguration section */

/* Begin XCConfigurationList section */
		84D639FE2A17E83000E2BE8D /* Build configuration list for PBXProject "CoinPrices-Task" */ = {
			isa = XCConfigurationList;
			buildConfigurations = (
				84D63A2A2A17E83400E2BE8D /* Debug */,
				84D63A2B2A17E83400E2BE8D /* Release */,
			);
			defaultConfigurationIsVisible = 0;
			defaultConfigurationName = Release;
		};
		84D63A2C2A17E83400E2BE8D /* Build configuration list for PBXNativeTarget "CoinPrices-Task" */ = {
			isa = XCConfigurationList;
			buildConfigurations = (
				84D63A2D2A17E83400E2BE8D /* Debug */,
				84D63A2E2A17E83400E2BE8D /* Release */,
			);
			defaultConfigurationIsVisible = 0;
			defaultConfigurationName = Release;
		};
		84D63A2F2A17E83400E2BE8D /* Build configuration list for PBXNativeTarget "CoinPrices-TaskTests" */ = {
			isa = XCConfigurationList;
			buildConfigurations = (
				84D63A302A17E83400E2BE8D /* Debug */,
				84D63A312A17E83400E2BE8D /* Release */,
			);
			defaultConfigurationIsVisible = 0;
			defaultConfigurationName = Release;
		};
		84D63A322A17E83400E2BE8D /* Build configuration list for PBXNativeTarget "CoinPrices-TaskUITests" */ = {
			isa = XCConfigurationList;
			buildConfigurations = (
				84D63A332A17E83400E2BE8D /* Debug */,
				84D63A342A17E83400E2BE8D /* Release */,
			);
			defaultConfigurationIsVisible = 0;
			defaultConfigurationName = Release;
		};
/* End XCConfigurationList section */

/* Begin XCVersionGroup section */
		84D63A112A17E83300E2BE8D /* CoinPrices_Task.xcdatamodeld */ = {
			isa = XCVersionGroup;
			children = (
				84D63A122A17E83300E2BE8D /* CoinPrices_Task.xcdatamodel */,
			);
			currentVersion = 84D63A122A17E83300E2BE8D /* CoinPrices_Task.xcdatamodel */;
			path = CoinPrices_Task.xcdatamodeld;
			sourceTree = "<group>";
			versionGroupType = wrapper.xcdatamodel;
		};
/* End XCVersionGroup section */
	};
	rootObject = 84D639FB2A17E83000E2BE8D /* Project object */;
}
